
Microsoft Visual Studio Solution File, Format Version 12.00
# Visual Studio Version 17
VisualStudioVersion = 17.2.32616.157
MinimumVisualStudioVersion = 10.0.40219.1
Project("{FAE04EC0-301F-11D3-BF4B-00C04F79EFBC}") = "ConsoleApp1", "ConsoleApp1\ConsoleApp1.csproj", "{3F94344C-8787-4054-A1A4-BABBE8333BED}"
EndProject
Global
	GlobalSection(SolutionConfigurationPlatforms) = preSolution
		Debug|Any CPU = Debug|Any CPU
		Release|Any CPU = Release|Any CPU
	EndGlobalSection
	GlobalSection(ProjectConfigurationPlatforms) = postSolution
		{3F94344C-8787-4054-A1A4-BABBE8333BED}.Debug|Any CPU.ActiveCfg = Debug|Any CPU
		{3F94344C-8787-4054-A1A4-BABBE8333BED}.Debug|Any CPU.Build.0 = Debug|Any CPU
		{3F94344C-8787-4054-A1A4-BABBE8333BED}.Release|Any CPU.ActiveCfg = Release|Any CPU
		{3F94344C-8787-4054-A1A4-BABBE8333BED}.Release|Any CPU.Build.0 = Release|Any CPU
	EndGlobalSection
	GlobalSection(SolutionProperties) = preSolution
		HideSolutionNode = FALSE
	EndGlobalSection
	GlobalSection(ExtensibilityGlobals) = postSolution
		SolutionGuid = {AF81AC11-CB85-48D3-8AA9-4EF77F8A1EF6}
	EndGlobalSection
EndGlobal
