
Microsoft Visual Studio Solution File, Format Version 12.00
# Visual Studio Version 17
VisualStudioVersion = 17.1.32210.238
MinimumVisualStudioVersion = 10.0.40219.1
Project("{FAE04EC0-301F-11D3-BF4B-00C04F79EFBC}") = "MVVM_Views", "MVVM_Views\MVVM_Views.csproj", "{59B71792-EFB2-4E73-84B9-E99BFD9FB871}"
EndProject
Global
	GlobalSection(SolutionConfigurationPlatforms) = preSolution
		Debug|Any CPU = Debug|Any CPU
		Release|Any CPU = Release|Any CPU
	EndGlobalSection
	GlobalSection(ProjectConfigurationPlatforms) = postSolution
		{59B71792-EFB2-4E73-84B9-E99BFD9FB871}.Debug|Any CPU.ActiveCfg = Debug|Any CPU
		{59B71792-EFB2-4E73-84B9-E99BFD9FB871}.Debug|Any CPU.Build.0 = Debug|Any CPU
		{59B71792-EFB2-4E73-84B9-E99BFD9FB871}.Release|Any CPU.ActiveCfg = Release|Any CPU
		{59B71792-EFB2-4E73-84B9-E99BFD9FB871}.Release|Any CPU.Build.0 = Release|Any CPU
	EndGlobalSection
	GlobalSection(SolutionProperties) = preSolution
		HideSolutionNode = FALSE
	EndGlobalSection
	GlobalSection(ExtensibilityGlobals) = postSolution
		SolutionGuid = {FF98D136-8F03-4767-88DD-F10B5BE15003}
	EndGlobalSection
EndGlobal
