
Microsoft Visual Studio Solution File, Format Version 12.00
# Visual Studio Version 17
VisualStudioVersion = 17.2.32616.157
MinimumVisualStudioVersion = 10.0.40219.1
Project("{9A19103F-16F7-4668-BE54-9A1E7A4F7556}") = "MultiCastHost", "NetworkCast\MultiCastHost.csproj", "{047D4640-1D30-429A-98B2-7A6388862B3E}"
EndProject
Project("{FAE04EC0-301F-11D3-BF4B-00C04F79EFBC}") = "MultiCastClient", "MultiCastClient\MultiCastClient.csproj", "{5E798A1B-DCD9-43F3-977D-30F866C5D36D}"
EndProject
Project("{FAE04EC0-301F-11D3-BF4B-00C04F79EFBC}") = "Host2", "Host2\Host2.csproj", "{2404DA68-A1D5-4C39-92F4-CC1880322E9E}"
EndProject
Global
	GlobalSection(SolutionConfigurationPlatforms) = preSolution
		Debug|Any CPU = Debug|Any CPU
		Release|Any CPU = Release|Any CPU
	EndGlobalSection
	GlobalSection(ProjectConfigurationPlatforms) = postSolution
		{047D4640-1D30-429A-98B2-7A6388862B3E}.Debug|Any CPU.ActiveCfg = Debug|Any CPU
		{047D4640-1D30-429A-98B2-7A6388862B3E}.Debug|Any CPU.Build.0 = Debug|Any CPU
		{047D4640-1D30-429A-98B2-7A6388862B3E}.Release|Any CPU.ActiveCfg = Release|Any CPU
		{047D4640-1D30-429A-98B2-7A6388862B3E}.Release|Any CPU.Build.0 = Release|Any CPU
		{5E798A1B-DCD9-43F3-977D-30F866C5D36D}.Debug|Any CPU.ActiveCfg = Debug|Any CPU
		{5E798A1B-DCD9-43F3-977D-30F866C5D36D}.Debug|Any CPU.Build.0 = Debug|Any CPU
		{5E798A1B-DCD9-43F3-977D-30F866C5D36D}.Release|Any CPU.ActiveCfg = Release|Any CPU
		{5E798A1B-DCD9-43F3-977D-30F866C5D36D}.Release|Any CPU.Build.0 = Release|Any CPU
		{2404DA68-A1D5-4C39-92F4-CC1880322E9E}.Debug|Any CPU.ActiveCfg = Debug|Any CPU
		{2404DA68-A1D5-4C39-92F4-CC1880322E9E}.Debug|Any CPU.Build.0 = Debug|Any CPU
		{2404DA68-A1D5-4C39-92F4-CC1880322E9E}.Release|Any CPU.ActiveCfg = Release|Any CPU
		{2404DA68-A1D5-4C39-92F4-CC1880322E9E}.Release|Any CPU.Build.0 = Release|Any CPU
	EndGlobalSection
	GlobalSection(SolutionProperties) = preSolution
		HideSolutionNode = FALSE
	EndGlobalSection
	GlobalSection(ExtensibilityGlobals) = postSolution
		SolutionGuid = {D30B5B83-A9FB-496A-B0B8-C715A5323EBA}
	EndGlobalSection
EndGlobal
