
Microsoft Visual Studio Solution File, Format Version 12.00
# Visual Studio Version 17
VisualStudioVersion = 17.4.33020.496
MinimumVisualStudioVersion = 10.0.40219.1
Project("{FAE04EC0-301F-11D3-BF4B-00C04F79EFBC}") = "AspTest", "AspTest\AspTest.csproj", "{8D9AF9DD-78B1-418D-892B-8187758B9FB8}"
EndProject
Project("{FAE04EC0-301F-11D3-BF4B-00C04F79EFBC}") = "TestProject1", "TestProject1\TestProject1.csproj", "{45D1C724-2F9B-441E-A399-A947FF4E179A}"
EndProject
Global
	GlobalSection(SolutionConfigurationPlatforms) = preSolution
		Debug|Any CPU = Debug|Any CPU
		Release|Any CPU = Release|Any CPU
	EndGlobalSection
	GlobalSection(ProjectConfigurationPlatforms) = postSolution
		{8D9AF9DD-78B1-418D-892B-8187758B9FB8}.Debug|Any CPU.ActiveCfg = Debug|Any CPU
		{8D9AF9DD-78B1-418D-892B-8187758B9FB8}.Debug|Any CPU.Build.0 = Debug|Any CPU
		{8D9AF9DD-78B1-418D-892B-8187758B9FB8}.Release|Any CPU.ActiveCfg = Release|Any CPU
		{8D9AF9DD-78B1-418D-892B-8187758B9FB8}.Release|Any CPU.Build.0 = Release|Any CPU
		{45D1C724-2F9B-441E-A399-A947FF4E179A}.Debug|Any CPU.ActiveCfg = Debug|Any CPU
		{45D1C724-2F9B-441E-A399-A947FF4E179A}.Debug|Any CPU.Build.0 = Debug|Any CPU
		{45D1C724-2F9B-441E-A399-A947FF4E179A}.Release|Any CPU.ActiveCfg = Release|Any CPU
		{45D1C724-2F9B-441E-A399-A947FF4E179A}.Release|Any CPU.Build.0 = Release|Any CPU
	EndGlobalSection
	GlobalSection(SolutionProperties) = preSolution
		HideSolutionNode = FALSE
	EndGlobalSection
	GlobalSection(ExtensibilityGlobals) = postSolution
		SolutionGuid = {357FD72A-A516-4B74-9C15-EC8D40FEF97D}
	EndGlobalSection
EndGlobal
