
Microsoft Visual Studio Solution File, Format Version 12.00
# Visual Studio Version 17
VisualStudioVersion = 17.4.33020.496
MinimumVisualStudioVersion = 10.0.40219.1
Project("{FAE04EC0-301F-11D3-BF4B-00C04F79EFBC}") = "ShopApi", "ShopApi\ShopApi.csproj", "{CE85E566-6AEE-4819-BF99-E304E2A92567}"
EndProject
Global
	GlobalSection(SolutionConfigurationPlatforms) = preSolution
		Debug|Any CPU = Debug|Any CPU
		Release|Any CPU = Release|Any CPU
	EndGlobalSection
	GlobalSection(ProjectConfigurationPlatforms) = postSolution
		{CE85E566-6AEE-4819-BF99-E304E2A92567}.Debug|Any CPU.ActiveCfg = Debug|Any CPU
		{CE85E566-6AEE-4819-BF99-E304E2A92567}.Debug|Any CPU.Build.0 = Debug|Any CPU
		{CE85E566-6AEE-4819-BF99-E304E2A92567}.Release|Any CPU.ActiveCfg = Release|Any CPU
		{CE85E566-6AEE-4819-BF99-E304E2A92567}.Release|Any CPU.Build.0 = Release|Any CPU
	EndGlobalSection
	GlobalSection(SolutionProperties) = preSolution
		HideSolutionNode = FALSE
	EndGlobalSection
	GlobalSection(ExtensibilityGlobals) = postSolution
		SolutionGuid = {EEE1258F-2D2C-4C56-8CD5-ADB0A4907287}
	EndGlobalSection
EndGlobal
