
Microsoft Visual Studio Solution File, Format Version 12.00
# Visual Studio Version 17
VisualStudioVersion = 17.2.32616.157
MinimumVisualStudioVersion = 10.0.40219.1
Project("{FAE04EC0-301F-11D3-BF4B-00C04F79EFBC}") = "PLINQ", "PLINQ\PLINQ.csproj", "{987105B4-5539-4AEA-8590-41B676DB1757}"
EndProject
Global
	GlobalSection(SolutionConfigurationPlatforms) = preSolution
		Debug|Any CPU = Debug|Any CPU
		Release|Any CPU = Release|Any CPU
	EndGlobalSection
	GlobalSection(ProjectConfigurationPlatforms) = postSolution
		{987105B4-5539-4AEA-8590-41B676DB1757}.Debug|Any CPU.ActiveCfg = Debug|Any CPU
		{987105B4-5539-4AEA-8590-41B676DB1757}.Debug|Any CPU.Build.0 = Debug|Any CPU
		{987105B4-5539-4AEA-8590-41B676DB1757}.Release|Any CPU.ActiveCfg = Release|Any CPU
		{987105B4-5539-4AEA-8590-41B676DB1757}.Release|Any CPU.Build.0 = Release|Any CPU
	EndGlobalSection
	GlobalSection(SolutionProperties) = preSolution
		HideSolutionNode = FALSE
	EndGlobalSection
	GlobalSection(ExtensibilityGlobals) = postSolution
		SolutionGuid = {322A8F28-DD62-4DD0-8950-DB5767EA0D62}
	EndGlobalSection
EndGlobal
