
Microsoft Visual Studio Solution File, Format Version 12.00
# Visual Studio Version 16
VisualStudioVersion = 16.0.31702.278
MinimumVisualStudioVersion = 10.0.40219.1
Project("{8BC9CEB8-8B4A-11D0-8D11-00A0C91BC942}") = "FBES_1211_RU", "FBES_1211_RU\FBES_1211_RU.vcxproj", "{00951D1C-19F8-4186-85DA-3A5FEA50B906}"
EndProject
Project("{8BC9CEB8-8B4A-11D0-8D11-00A0C91BC942}") = "comparison statements", "comparison statements\comparison statements.vcxproj", "{4E07AF5A-A4DC-4501-A7CB-51FA0AC8451B}"
EndProject
Project("{8BC9CEB8-8B4A-11D0-8D11-00A0C91BC942}") = "Cycles", "Cycles\Cycles.vcxproj", "{192DB900-50C3-47BD-89DF-A4CE1D548330}"
EndProject
Project("{8BC9CEB8-8B4A-11D0-8D11-00A0C91BC942}") = "Arrays", "Arrays\Arrays.vcxproj", "{254BF104-6A56-476C-A723-CC458F0CC905}"
EndProject
Project("{8BC9CEB8-8B4A-11D0-8D11-00A0C91BC942}") = "Functions", "Functions\Functions.vcxproj", "{BF3F3B3C-A3B5-48AC-96F0-ACAD80DDA689}"
EndProject
Project("{8BC9CEB8-8B4A-11D0-8D11-00A0C91BC942}") = "Pointers", "Pointers\Pointers.vcxproj", "{221D51DB-8856-4500-B0FB-EBEF14A38F61}"
EndProject
Project("{8BC9CEB8-8B4A-11D0-8D11-00A0C91BC942}") = "Dynamic arrays", "Dynamic arrays\Dynamic arrays.vcxproj", "{77336DEB-031F-4379-ACEA-3557CABE57C4}"
EndProject
Project("{8BC9CEB8-8B4A-11D0-8D11-00A0C91BC942}") = "Repeat", "Repeat\Repeat.vcxproj", "{6B1C1B3B-5781-459A-8050-76DA86243C82}"
EndProject
Project("{8BC9CEB8-8B4A-11D0-8D11-00A0C91BC942}") = "DynamicMultiArrays", "DynamicMultiArrays\DynamicMultiArrays.vcxproj", "{A14510A2-B596-479F-ACA4-CF642233B850}"
EndProject
Project("{8BC9CEB8-8B4A-11D0-8D11-00A0C91BC942}") = "Preprocessor", "Preprocessor\Preprocessor.vcxproj", "{3899BA42-09DC-4AE7-A787-7B18191F047B}"
EndProject
Project("{8BC9CEB8-8B4A-11D0-8D11-00A0C91BC942}") = "Strings", "Strings\Strings.vcxproj", "{B99ACFB1-AF62-4B24-9B8D-452A22D89F50}"
EndProject
Project("{8BC9CEB8-8B4A-11D0-8D11-00A0C91BC942}") = "Structures", "Structures\Structures.vcxproj", "{A10B1373-84C0-4334-AEB9-C1807AB74562}"
EndProject
Project("{8BC9CEB8-8B4A-11D0-8D11-00A0C91BC942}") = "Structs2", "Structs2\Structs2.vcxproj", "{DCB8DD1E-AA5C-40D9-9980-AC3FACD1E86D}"
EndProject
Project("{8BC9CEB8-8B4A-11D0-8D11-00A0C91BC942}") = "Structs3", "Structs3\Structs3.vcxproj", "{6CAE5F0D-328B-4601-A0EC-89FC90451CC8}"
EndProject
Project("{8BC9CEB8-8B4A-11D0-8D11-00A0C91BC942}") = "CarApp", "CarApp\CarApp.vcxproj", "{6A42C73F-BD69-48D7-835E-3CFB866D0756}"
EndProject
Project("{8BC9CEB8-8B4A-11D0-8D11-00A0C91BC942}") = "Files", "Files\Files.vcxproj", "{739220B5-10FF-4D61-B146-9965495CF921}"
EndProject
Project("{8BC9CEB8-8B4A-11D0-8D11-00A0C91BC942}") = "Cfuncs", "Cfuncs\Cfuncs.vcxproj", "{EE7E8729-8629-4291-9670-A3C3F4AC324B}"
EndProject
Project("{8BC9CEB8-8B4A-11D0-8D11-00A0C91BC942}") = "Repeat2", "Repeat2\Repeat2.vcxproj", "{8AFD2A80-F490-46C5-A446-7016D9DF53CA}"
EndProject
Global
	GlobalSection(SolutionConfigurationPlatforms) = preSolution
		Debug|Any CPU = Debug|Any CPU
		Debug|x64 = Debug|x64
		Debug|x86 = Debug|x86
		Release|Any CPU = Release|Any CPU
		Release|x64 = Release|x64
		Release|x86 = Release|x86
	EndGlobalSection
	GlobalSection(ProjectConfigurationPlatforms) = postSolution
		{00951D1C-19F8-4186-85DA-3A5FEA50B906}.Debug|Any CPU.ActiveCfg = Debug|Win32
		{00951D1C-19F8-4186-85DA-3A5FEA50B906}.Debug|x64.ActiveCfg = Debug|x64
		{00951D1C-19F8-4186-85DA-3A5FEA50B906}.Debug|x64.Build.0 = Debug|x64
		{00951D1C-19F8-4186-85DA-3A5FEA50B906}.Debug|x86.ActiveCfg = Debug|Win32
		{00951D1C-19F8-4186-85DA-3A5FEA50B906}.Debug|x86.Build.0 = Debug|Win32
		{00951D1C-19F8-4186-85DA-3A5FEA50B906}.Release|Any CPU.ActiveCfg = Release|Win32
		{00951D1C-19F8-4186-85DA-3A5FEA50B906}.Release|x64.ActiveCfg = Release|x64
		{00951D1C-19F8-4186-85DA-3A5FEA50B906}.Release|x64.Build.0 = Release|x64
		{00951D1C-19F8-4186-85DA-3A5FEA50B906}.Release|x86.ActiveCfg = Release|Win32
		{00951D1C-19F8-4186-85DA-3A5FEA50B906}.Release|x86.Build.0 = Release|Win32
		{4E07AF5A-A4DC-4501-A7CB-51FA0AC8451B}.Debug|Any CPU.ActiveCfg = Debug|Win32
		{4E07AF5A-A4DC-4501-A7CB-51FA0AC8451B}.Debug|x64.ActiveCfg = Debug|x64
		{4E07AF5A-A4DC-4501-A7CB-51FA0AC8451B}.Debug|x64.Build.0 = Debug|x64
		{4E07AF5A-A4DC-4501-A7CB-51FA0AC8451B}.Debug|x86.ActiveCfg = Debug|Win32
		{4E07AF5A-A4DC-4501-A7CB-51FA0AC8451B}.Debug|x86.Build.0 = Debug|Win32
		{4E07AF5A-A4DC-4501-A7CB-51FA0AC8451B}.Release|Any CPU.ActiveCfg = Release|Win32
		{4E07AF5A-A4DC-4501-A7CB-51FA0AC8451B}.Release|x64.ActiveCfg = Release|x64
		{4E07AF5A-A4DC-4501-A7CB-51FA0AC8451B}.Release|x64.Build.0 = Release|x64
		{4E07AF5A-A4DC-4501-A7CB-51FA0AC8451B}.Release|x86.ActiveCfg = Release|Win32
		{4E07AF5A-A4DC-4501-A7CB-51FA0AC8451B}.Release|x86.Build.0 = Release|Win32
		{192DB900-50C3-47BD-89DF-A4CE1D548330}.Debug|Any CPU.ActiveCfg = Debug|Win32
		{192DB900-50C3-47BD-89DF-A4CE1D548330}.Debug|x64.ActiveCfg = Debug|x64
		{192DB900-50C3-47BD-89DF-A4CE1D548330}.Debug|x64.Build.0 = Debug|x64
		{192DB900-50C3-47BD-89DF-A4CE1D548330}.Debug|x86.ActiveCfg = Debug|Win32
		{192DB900-50C3-47BD-89DF-A4CE1D548330}.Debug|x86.Build.0 = Debug|Win32
		{192DB900-50C3-47BD-89DF-A4CE1D548330}.Release|Any CPU.ActiveCfg = Release|Win32
		{192DB900-50C3-47BD-89DF-A4CE1D548330}.Release|x64.ActiveCfg = Release|x64
		{192DB900-50C3-47BD-89DF-A4CE1D548330}.Release|x64.Build.0 = Release|x64
		{192DB900-50C3-47BD-89DF-A4CE1D548330}.Release|x86.ActiveCfg = Release|Win32
		{192DB900-50C3-47BD-89DF-A4CE1D548330}.Release|x86.Build.0 = Release|Win32
		{254BF104-6A56-476C-A723-CC458F0CC905}.Debug|Any CPU.ActiveCfg = Debug|Win32
		{254BF104-6A56-476C-A723-CC458F0CC905}.Debug|x64.ActiveCfg = Debug|x64
		{254BF104-6A56-476C-A723-CC458F0CC905}.Debug|x64.Build.0 = Debug|x64
		{254BF104-6A56-476C-A723-CC458F0CC905}.Debug|x86.ActiveCfg = Debug|Win32
		{254BF104-6A56-476C-A723-CC458F0CC905}.Debug|x86.Build.0 = Debug|Win32
		{254BF104-6A56-476C-A723-CC458F0CC905}.Release|Any CPU.ActiveCfg = Release|Win32
		{254BF104-6A56-476C-A723-CC458F0CC905}.Release|x64.ActiveCfg = Release|x64
		{254BF104-6A56-476C-A723-CC458F0CC905}.Release|x64.Build.0 = Release|x64
		{254BF104-6A56-476C-A723-CC458F0CC905}.Release|x86.ActiveCfg = Release|Win32
		{254BF104-6A56-476C-A723-CC458F0CC905}.Release|x86.Build.0 = Release|Win32
		{BF3F3B3C-A3B5-48AC-96F0-ACAD80DDA689}.Debug|Any CPU.ActiveCfg = Debug|Win32
		{BF3F3B3C-A3B5-48AC-96F0-ACAD80DDA689}.Debug|x64.ActiveCfg = Debug|x64
		{BF3F3B3C-A3B5-48AC-96F0-ACAD80DDA689}.Debug|x64.Build.0 = Debug|x64
		{BF3F3B3C-A3B5-48AC-96F0-ACAD80DDA689}.Debug|x86.ActiveCfg = Debug|Win32
		{BF3F3B3C-A3B5-48AC-96F0-ACAD80DDA689}.Debug|x86.Build.0 = Debug|Win32
		{BF3F3B3C-A3B5-48AC-96F0-ACAD80DDA689}.Release|Any CPU.ActiveCfg = Release|Win32
		{BF3F3B3C-A3B5-48AC-96F0-ACAD80DDA689}.Release|x64.ActiveCfg = Release|x64
		{BF3F3B3C-A3B5-48AC-96F0-ACAD80DDA689}.Release|x64.Build.0 = Release|x64
		{BF3F3B3C-A3B5-48AC-96F0-ACAD80DDA689}.Release|x86.ActiveCfg = Release|Win32
		{BF3F3B3C-A3B5-48AC-96F0-ACAD80DDA689}.Release|x86.Build.0 = Release|Win32
		{221D51DB-8856-4500-B0FB-EBEF14A38F61}.Debug|Any CPU.ActiveCfg = Debug|Win32
		{221D51DB-8856-4500-B0FB-EBEF14A38F61}.Debug|x64.ActiveCfg = Debug|x64
		{221D51DB-8856-4500-B0FB-EBEF14A38F61}.Debug|x64.Build.0 = Debug|x64
		{221D51DB-8856-4500-B0FB-EBEF14A38F61}.Debug|x86.ActiveCfg = Debug|Win32
		{221D51DB-8856-4500-B0FB-EBEF14A38F61}.Debug|x86.Build.0 = Debug|Win32
		{221D51DB-8856-4500-B0FB-EBEF14A38F61}.Release|Any CPU.ActiveCfg = Release|Win32
		{221D51DB-8856-4500-B0FB-EBEF14A38F61}.Release|x64.ActiveCfg = Release|x64
		{221D51DB-8856-4500-B0FB-EBEF14A38F61}.Release|x64.Build.0 = Release|x64
		{221D51DB-8856-4500-B0FB-EBEF14A38F61}.Release|x86.ActiveCfg = Release|Win32
		{221D51DB-8856-4500-B0FB-EBEF14A38F61}.Release|x86.Build.0 = Release|Win32
		{77336DEB-031F-4379-ACEA-3557CABE57C4}.Debug|Any CPU.ActiveCfg = Debug|Win32
		{77336DEB-031F-4379-ACEA-3557CABE57C4}.Debug|x64.ActiveCfg = Debug|x64
		{77336DEB-031F-4379-ACEA-3557CABE57C4}.Debug|x64.Build.0 = Debug|x64
		{77336DEB-031F-4379-ACEA-3557CABE57C4}.Debug|x86.ActiveCfg = Debug|Win32
		{77336DEB-031F-4379-ACEA-3557CABE57C4}.Debug|x86.Build.0 = Debug|Win32
		{77336DEB-031F-4379-ACEA-3557CABE57C4}.Release|Any CPU.ActiveCfg = Release|Win32
		{77336DEB-031F-4379-ACEA-3557CABE57C4}.Release|x64.ActiveCfg = Release|x64
		{77336DEB-031F-4379-ACEA-3557CABE57C4}.Release|x64.Build.0 = Release|x64
		{77336DEB-031F-4379-ACEA-3557CABE57C4}.Release|x86.ActiveCfg = Release|Win32
		{77336DEB-031F-4379-ACEA-3557CABE57C4}.Release|x86.Build.0 = Release|Win32
		{6B1C1B3B-5781-459A-8050-76DA86243C82}.Debug|Any CPU.ActiveCfg = Debug|Win32
		{6B1C1B3B-5781-459A-8050-76DA86243C82}.Debug|x64.ActiveCfg = Debug|x64
		{6B1C1B3B-5781-459A-8050-76DA86243C82}.Debug|x64.Build.0 = Debug|x64
		{6B1C1B3B-5781-459A-8050-76DA86243C82}.Debug|x86.ActiveCfg = Debug|Win32
		{6B1C1B3B-5781-459A-8050-76DA86243C82}.Debug|x86.Build.0 = Debug|Win32
		{6B1C1B3B-5781-459A-8050-76DA86243C82}.Release|Any CPU.ActiveCfg = Release|Win32
		{6B1C1B3B-5781-459A-8050-76DA86243C82}.Release|x64.ActiveCfg = Release|x64
		{6B1C1B3B-5781-459A-8050-76DA86243C82}.Release|x64.Build.0 = Release|x64
		{6B1C1B3B-5781-459A-8050-76DA86243C82}.Release|x86.ActiveCfg = Release|Win32
		{6B1C1B3B-5781-459A-8050-76DA86243C82}.Release|x86.Build.0 = Release|Win32
		{A14510A2-B596-479F-ACA4-CF642233B850}.Debug|Any CPU.ActiveCfg = Debug|Win32
		{A14510A2-B596-479F-ACA4-CF642233B850}.Debug|x64.ActiveCfg = Debug|x64
		{A14510A2-B596-479F-ACA4-CF642233B850}.Debug|x64.Build.0 = Debug|x64
		{A14510A2-B596-479F-ACA4-CF642233B850}.Debug|x86.ActiveCfg = Debug|Win32
		{A14510A2-B596-479F-ACA4-CF642233B850}.Debug|x86.Build.0 = Debug|Win32
		{A14510A2-B596-479F-ACA4-CF642233B850}.Release|Any CPU.ActiveCfg = Release|Win32
		{A14510A2-B596-479F-ACA4-CF642233B850}.Release|x64.ActiveCfg = Release|x64
		{A14510A2-B596-479F-ACA4-CF642233B850}.Release|x64.Build.0 = Release|x64
		{A14510A2-B596-479F-ACA4-CF642233B850}.Release|x86.ActiveCfg = Release|Win32
		{A14510A2-B596-479F-ACA4-CF642233B850}.Release|x86.Build.0 = Release|Win32
		{3899BA42-09DC-4AE7-A787-7B18191F047B}.Debug|Any CPU.ActiveCfg = Debug|Win32
		{3899BA42-09DC-4AE7-A787-7B18191F047B}.Debug|x64.ActiveCfg = Debug|x64
		{3899BA42-09DC-4AE7-A787-7B18191F047B}.Debug|x64.Build.0 = Debug|x64
		{3899BA42-09DC-4AE7-A787-7B18191F047B}.Debug|x86.ActiveCfg = Debug|Win32
		{3899BA42-09DC-4AE7-A787-7B18191F047B}.Debug|x86.Build.0 = Debug|Win32
		{3899BA42-09DC-4AE7-A787-7B18191F047B}.Release|Any CPU.ActiveCfg = Release|Win32
		{3899BA42-09DC-4AE7-A787-7B18191F047B}.Release|x64.ActiveCfg = Release|x64
		{3899BA42-09DC-4AE7-A787-7B18191F047B}.Release|x64.Build.0 = Release|x64
		{3899BA42-09DC-4AE7-A787-7B18191F047B}.Release|x86.ActiveCfg = Release|Win32
		{3899BA42-09DC-4AE7-A787-7B18191F047B}.Release|x86.Build.0 = Release|Win32
		{B99ACFB1-AF62-4B24-9B8D-452A22D89F50}.Debug|Any CPU.ActiveCfg = Debug|Win32
		{B99ACFB1-AF62-4B24-9B8D-452A22D89F50}.Debug|x64.ActiveCfg = Debug|x64
		{B99ACFB1-AF62-4B24-9B8D-452A22D89F50}.Debug|x64.Build.0 = Debug|x64
		{B99ACFB1-AF62-4B24-9B8D-452A22D89F50}.Debug|x86.ActiveCfg = Debug|Win32
		{B99ACFB1-AF62-4B24-9B8D-452A22D89F50}.Debug|x86.Build.0 = Debug|Win32
		{B99ACFB1-AF62-4B24-9B8D-452A22D89F50}.Release|Any CPU.ActiveCfg = Release|Win32
		{B99ACFB1-AF62-4B24-9B8D-452A22D89F50}.Release|x64.ActiveCfg = Release|x64
		{B99ACFB1-AF62-4B24-9B8D-452A22D89F50}.Release|x64.Build.0 = Release|x64
		{B99ACFB1-AF62-4B24-9B8D-452A22D89F50}.Release|x86.ActiveCfg = Release|Win32
		{B99ACFB1-AF62-4B24-9B8D-452A22D89F50}.Release|x86.Build.0 = Release|Win32
		{A10B1373-84C0-4334-AEB9-C1807AB74562}.Debug|Any CPU.ActiveCfg = Debug|Win32
		{A10B1373-84C0-4334-AEB9-C1807AB74562}.Debug|x64.ActiveCfg = Debug|x64
		{A10B1373-84C0-4334-AEB9-C1807AB74562}.Debug|x64.Build.0 = Debug|x64
		{A10B1373-84C0-4334-AEB9-C1807AB74562}.Debug|x86.ActiveCfg = Debug|Win32
		{A10B1373-84C0-4334-AEB9-C1807AB74562}.Debug|x86.Build.0 = Debug|Win32
		{A10B1373-84C0-4334-AEB9-C1807AB74562}.Release|Any CPU.ActiveCfg = Release|Win32
		{A10B1373-84C0-4334-AEB9-C1807AB74562}.Release|x64.ActiveCfg = Release|x64
		{A10B1373-84C0-4334-AEB9-C1807AB74562}.Release|x64.Build.0 = Release|x64
		{A10B1373-84C0-4334-AEB9-C1807AB74562}.Release|x86.ActiveCfg = Release|Win32
		{A10B1373-84C0-4334-AEB9-C1807AB74562}.Release|x86.Build.0 = Release|Win32
		{DCB8DD1E-AA5C-40D9-9980-AC3FACD1E86D}.Debug|Any CPU.ActiveCfg = Debug|Win32
		{DCB8DD1E-AA5C-40D9-9980-AC3FACD1E86D}.Debug|x64.ActiveCfg = Debug|x64
		{DCB8DD1E-AA5C-40D9-9980-AC3FACD1E86D}.Debug|x64.Build.0 = Debug|x64
		{DCB8DD1E-AA5C-40D9-9980-AC3FACD1E86D}.Debug|x86.ActiveCfg = Debug|Win32
		{DCB8DD1E-AA5C-40D9-9980-AC3FACD1E86D}.Debug|x86.Build.0 = Debug|Win32
		{DCB8DD1E-AA5C-40D9-9980-AC3FACD1E86D}.Release|Any CPU.ActiveCfg = Release|Win32
		{DCB8DD1E-AA5C-40D9-9980-AC3FACD1E86D}.Release|x64.ActiveCfg = Release|x64
		{DCB8DD1E-AA5C-40D9-9980-AC3FACD1E86D}.Release|x64.Build.0 = Release|x64
		{DCB8DD1E-AA5C-40D9-9980-AC3FACD1E86D}.Release|x86.ActiveCfg = Release|Win32
		{DCB8DD1E-AA5C-40D9-9980-AC3FACD1E86D}.Release|x86.Build.0 = Release|Win32
		{6CAE5F0D-328B-4601-A0EC-89FC90451CC8}.Debug|Any CPU.ActiveCfg = Debug|Win32
		{6CAE5F0D-328B-4601-A0EC-89FC90451CC8}.Debug|x64.ActiveCfg = Debug|x64
		{6CAE5F0D-328B-4601-A0EC-89FC90451CC8}.Debug|x64.Build.0 = Debug|x64
		{6CAE5F0D-328B-4601-A0EC-89FC90451CC8}.Debug|x86.ActiveCfg = Debug|Win32
		{6CAE5F0D-328B-4601-A0EC-89FC90451CC8}.Debug|x86.Build.0 = Debug|Win32
		{6CAE5F0D-328B-4601-A0EC-89FC90451CC8}.Release|Any CPU.ActiveCfg = Release|Win32
		{6CAE5F0D-328B-4601-A0EC-89FC90451CC8}.Release|x64.ActiveCfg = Release|x64
		{6CAE5F0D-328B-4601-A0EC-89FC90451CC8}.Release|x64.Build.0 = Release|x64
		{6CAE5F0D-328B-4601-A0EC-89FC90451CC8}.Release|x86.ActiveCfg = Release|Win32
		{6CAE5F0D-328B-4601-A0EC-89FC90451CC8}.Release|x86.Build.0 = Release|Win32
		{6A42C73F-BD69-48D7-835E-3CFB866D0756}.Debug|Any CPU.ActiveCfg = Debug|Win32
		{6A42C73F-BD69-48D7-835E-3CFB866D0756}.Debug|x64.ActiveCfg = Debug|x64
		{6A42C73F-BD69-48D7-835E-3CFB866D0756}.Debug|x64.Build.0 = Debug|x64
		{6A42C73F-BD69-48D7-835E-3CFB866D0756}.Debug|x86.ActiveCfg = Debug|Win32
		{6A42C73F-BD69-48D7-835E-3CFB866D0756}.Debug|x86.Build.0 = Debug|Win32
		{6A42C73F-BD69-48D7-835E-3CFB866D0756}.Release|Any CPU.ActiveCfg = Release|Win32
		{6A42C73F-BD69-48D7-835E-3CFB866D0756}.Release|x64.ActiveCfg = Release|x64
		{6A42C73F-BD69-48D7-835E-3CFB866D0756}.Release|x64.Build.0 = Release|x64
		{6A42C73F-BD69-48D7-835E-3CFB866D0756}.Release|x86.ActiveCfg = Release|Win32
		{6A42C73F-BD69-48D7-835E-3CFB866D0756}.Release|x86.Build.0 = Release|Win32
		{739220B5-10FF-4D61-B146-9965495CF921}.Debug|Any CPU.ActiveCfg = Debug|Win32
		{739220B5-10FF-4D61-B146-9965495CF921}.Debug|x64.ActiveCfg = Debug|x64
		{739220B5-10FF-4D61-B146-9965495CF921}.Debug|x64.Build.0 = Debug|x64
		{739220B5-10FF-4D61-B146-9965495CF921}.Debug|x86.ActiveCfg = Debug|Win32
		{739220B5-10FF-4D61-B146-9965495CF921}.Debug|x86.Build.0 = Debug|Win32
		{739220B5-10FF-4D61-B146-9965495CF921}.Release|Any CPU.ActiveCfg = Release|Win32
		{739220B5-10FF-4D61-B146-9965495CF921}.Release|x64.ActiveCfg = Release|x64
		{739220B5-10FF-4D61-B146-9965495CF921}.Release|x64.Build.0 = Release|x64
		{739220B5-10FF-4D61-B146-9965495CF921}.Release|x86.ActiveCfg = Release|Win32
		{739220B5-10FF-4D61-B146-9965495CF921}.Release|x86.Build.0 = Release|Win32
		{EE7E8729-8629-4291-9670-A3C3F4AC324B}.Debug|Any CPU.ActiveCfg = Debug|Win32
		{EE7E8729-8629-4291-9670-A3C3F4AC324B}.Debug|x64.ActiveCfg = Debug|x64
		{EE7E8729-8629-4291-9670-A3C3F4AC324B}.Debug|x64.Build.0 = Debug|x64
		{EE7E8729-8629-4291-9670-A3C3F4AC324B}.Debug|x86.ActiveCfg = Debug|Win32
		{EE7E8729-8629-4291-9670-A3C3F4AC324B}.Debug|x86.Build.0 = Debug|Win32
		{EE7E8729-8629-4291-9670-A3C3F4AC324B}.Release|Any CPU.ActiveCfg = Release|Win32
		{EE7E8729-8629-4291-9670-A3C3F4AC324B}.Release|x64.ActiveCfg = Release|x64
		{EE7E8729-8629-4291-9670-A3C3F4AC324B}.Release|x64.Build.0 = Release|x64
		{EE7E8729-8629-4291-9670-A3C3F4AC324B}.Release|x86.ActiveCfg = Release|Win32
		{EE7E8729-8629-4291-9670-A3C3F4AC324B}.Release|x86.Build.0 = Release|Win32
		{8AFD2A80-F490-46C5-A446-7016D9DF53CA}.Debug|Any CPU.ActiveCfg = Debug|Win32
		{8AFD2A80-F490-46C5-A446-7016D9DF53CA}.Debug|x64.ActiveCfg = Debug|x64
		{8AFD2A80-F490-46C5-A446-7016D9DF53CA}.Debug|x64.Build.0 = Debug|x64
		{8AFD2A80-F490-46C5-A446-7016D9DF53CA}.Debug|x86.ActiveCfg = Debug|Win32
		{8AFD2A80-F490-46C5-A446-7016D9DF53CA}.Debug|x86.Build.0 = Debug|Win32
		{8AFD2A80-F490-46C5-A446-7016D9DF53CA}.Release|Any CPU.ActiveCfg = Release|Win32
		{8AFD2A80-F490-46C5-A446-7016D9DF53CA}.Release|x64.ActiveCfg = Release|x64
		{8AFD2A80-F490-46C5-A446-7016D9DF53CA}.Release|x64.Build.0 = Release|x64
		{8AFD2A80-F490-46C5-A446-7016D9DF53CA}.Release|x86.ActiveCfg = Release|Win32
		{8AFD2A80-F490-46C5-A446-7016D9DF53CA}.Release|x86.Build.0 = Release|Win32
	EndGlobalSection
	GlobalSection(SolutionProperties) = preSolution
		HideSolutionNode = FALSE
	EndGlobalSection
	GlobalSection(ExtensibilityGlobals) = postSolution
		SolutionGuid = {39A402EB-D312-4E41-B09C-604BC25C5922}
	EndGlobalSection
EndGlobal
