
Microsoft Visual Studio Solution File, Format Version 12.00
# Visual Studio Version 17
VisualStudioVersion = 17.2.32616.157
MinimumVisualStudioVersion = 10.0.40219.1
Project("{FAE04EC0-301F-11D3-BF4B-00C04F79EFBC}") = "WpfApp1", "WpfApp1\WpfApp1.csproj", "{9615C358-47E4-4C01-816F-9318EAF220A7}"
EndProject
Global
	GlobalSection(SolutionConfigurationPlatforms) = preSolution
		Debug|Any CPU = Debug|Any CPU
		Release|Any CPU = Release|Any CPU
	EndGlobalSection
	GlobalSection(ProjectConfigurationPlatforms) = postSolution
		{9615C358-47E4-4C01-816F-9318EAF220A7}.Debug|Any CPU.ActiveCfg = Debug|Any CPU
		{9615C358-47E4-4C01-816F-9318EAF220A7}.Debug|Any CPU.Build.0 = Debug|Any CPU
		{9615C358-47E4-4C01-816F-9318EAF220A7}.Release|Any CPU.ActiveCfg = Release|Any CPU
		{9615C358-47E4-4C01-816F-9318EAF220A7}.Release|Any CPU.Build.0 = Release|Any CPU
	EndGlobalSection
	GlobalSection(SolutionProperties) = preSolution
		HideSolutionNode = FALSE
	EndGlobalSection
	GlobalSection(ExtensibilityGlobals) = postSolution
		SolutionGuid = {A1CF6C14-CAE1-4F9C-91F7-6746F57D14F9}
	EndGlobalSection
EndGlobal
