
Microsoft Visual Studio Solution File, Format Version 12.00
# Visual Studio Version 17
VisualStudioVersion = 17.2.32210.308
MinimumVisualStudioVersion = 10.0.40219.1
Project("{FAE04EC0-301F-11D3-BF4B-00C04F79EFBC}") = "UML1", "UML1\UML1.csproj", "{5D8225E1-5271-4043-B18A-14D0EA5C29DC}"
EndProject
Global
	GlobalSection(SolutionConfigurationPlatforms) = preSolution
		Debug|Any CPU = Debug|Any CPU
		Release|Any CPU = Release|Any CPU
	EndGlobalSection
	GlobalSection(ProjectConfigurationPlatforms) = postSolution
		{5D8225E1-5271-4043-B18A-14D0EA5C29DC}.Debug|Any CPU.ActiveCfg = Debug|Any CPU
		{5D8225E1-5271-4043-B18A-14D0EA5C29DC}.Debug|Any CPU.Build.0 = Debug|Any CPU
		{5D8225E1-5271-4043-B18A-14D0EA5C29DC}.Release|Any CPU.ActiveCfg = Release|Any CPU
		{5D8225E1-5271-4043-B18A-14D0EA5C29DC}.Release|Any CPU.Build.0 = Release|Any CPU
	EndGlobalSection
	GlobalSection(SolutionProperties) = preSolution
		HideSolutionNode = FALSE
	EndGlobalSection
	GlobalSection(ExtensibilityGlobals) = postSolution
		SolutionGuid = {4E4ED54C-5CDB-4470-972A-57111F9B3FD6}
	EndGlobalSection
EndGlobal
