
Microsoft Visual Studio Solution File, Format Version 12.00
# Visual Studio Version 17
VisualStudioVersion = 17.1.32210.238
MinimumVisualStudioVersion = 10.0.40219.1
Project("{FAE04EC0-301F-11D3-BF4B-00C04F79EFBC}") = "Movie_MVVM", "Movie_MVVM\Movie_MVVM.csproj", "{E8F311AC-B43E-4005-9503-B5DDEE2E4D0C}"
EndProject
Global
	GlobalSection(SolutionConfigurationPlatforms) = preSolution
		Debug|Any CPU = Debug|Any CPU
		Release|Any CPU = Release|Any CPU
	EndGlobalSection
	GlobalSection(ProjectConfigurationPlatforms) = postSolution
		{E8F311AC-B43E-4005-9503-B5DDEE2E4D0C}.Debug|Any CPU.ActiveCfg = Debug|Any CPU
		{E8F311AC-B43E-4005-9503-B5DDEE2E4D0C}.Debug|Any CPU.Build.0 = Debug|Any CPU
		{E8F311AC-B43E-4005-9503-B5DDEE2E4D0C}.Release|Any CPU.ActiveCfg = Release|Any CPU
		{E8F311AC-B43E-4005-9503-B5DDEE2E4D0C}.Release|Any CPU.Build.0 = Release|Any CPU
	EndGlobalSection
	GlobalSection(SolutionProperties) = preSolution
		HideSolutionNode = FALSE
	EndGlobalSection
	GlobalSection(ExtensibilityGlobals) = postSolution
		SolutionGuid = {1C564BC4-BF17-48F7-8261-4F95AE41A1C1}
	EndGlobalSection
EndGlobal
