
Microsoft Visual Studio Solution File, Format Version 12.00
# Visual Studio Version 17
VisualStudioVersion = 17.1.32210.238
MinimumVisualStudioVersion = 10.0.40219.1
Project("{FAE04EC0-301F-11D3-BF4B-00C04F79EFBC}") = "EventExample", "EventExample\EventExample.csproj", "{B877A95C-8CF0-4F40-B206-1E85799593F1}"
EndProject
Global
	GlobalSection(SolutionConfigurationPlatforms) = preSolution
		Debug|Any CPU = Debug|Any CPU
		Release|Any CPU = Release|Any CPU
	EndGlobalSection
	GlobalSection(ProjectConfigurationPlatforms) = postSolution
		{B877A95C-8CF0-4F40-B206-1E85799593F1}.Debug|Any CPU.ActiveCfg = Debug|Any CPU
		{B877A95C-8CF0-4F40-B206-1E85799593F1}.Debug|Any CPU.Build.0 = Debug|Any CPU
		{B877A95C-8CF0-4F40-B206-1E85799593F1}.Release|Any CPU.ActiveCfg = Release|Any CPU
		{B877A95C-8CF0-4F40-B206-1E85799593F1}.Release|Any CPU.Build.0 = Release|Any CPU
	EndGlobalSection
	GlobalSection(SolutionProperties) = preSolution
		HideSolutionNode = FALSE
	EndGlobalSection
	GlobalSection(ExtensibilityGlobals) = postSolution
		SolutionGuid = {363A5756-A5BD-424E-ADC9-741F2D252C2D}
	EndGlobalSection
EndGlobal
