
Microsoft Visual Studio Solution File, Format Version 12.00
# Visual Studio Version 17
VisualStudioVersion = 17.2.32210.308
MinimumVisualStudioVersion = 10.0.40219.1
Project("{FAE04EC0-301F-11D3-BF4B-00C04F79EFBC}") = "OptionsBuilder", "OptionsBuilder\OptionsBuilder.csproj", "{0D9A3424-0763-4CD6-8879-62DC8BF90A5B}"
EndProject
Global
	GlobalSection(SolutionConfigurationPlatforms) = preSolution
		Debug|Any CPU = Debug|Any CPU
		Release|Any CPU = Release|Any CPU
	EndGlobalSection
	GlobalSection(ProjectConfigurationPlatforms) = postSolution
		{0D9A3424-0763-4CD6-8879-62DC8BF90A5B}.Debug|Any CPU.ActiveCfg = Debug|Any CPU
		{0D9A3424-0763-4CD6-8879-62DC8BF90A5B}.Debug|Any CPU.Build.0 = Debug|Any CPU
		{0D9A3424-0763-4CD6-8879-62DC8BF90A5B}.Release|Any CPU.ActiveCfg = Release|Any CPU
		{0D9A3424-0763-4CD6-8879-62DC8BF90A5B}.Release|Any CPU.Build.0 = Release|Any CPU
	EndGlobalSection
	GlobalSection(SolutionProperties) = preSolution
		HideSolutionNode = FALSE
	EndGlobalSection
	GlobalSection(ExtensibilityGlobals) = postSolution
		SolutionGuid = {6D2140DE-BF4F-4591-BC48-5A36E4CFC3D3}
	EndGlobalSection
EndGlobal
