
Microsoft Visual Studio Solution File, Format Version 12.00
# Visual Studio Version 17
VisualStudioVersion = 17.2.32616.157
MinimumVisualStudioVersion = 10.0.40219.1
Project("{FAE04EC0-301F-11D3-BF4B-00C04F79EFBC}") = "UDP1", "UDP1\UDP1.csproj", "{2E888105-9CA1-4799-B564-41DD3C69A9DE}"
EndProject
Global
	GlobalSection(SolutionConfigurationPlatforms) = preSolution
		Debug|Any CPU = Debug|Any CPU
		Release|Any CPU = Release|Any CPU
	EndGlobalSection
	GlobalSection(ProjectConfigurationPlatforms) = postSolution
		{2E888105-9CA1-4799-B564-41DD3C69A9DE}.Debug|Any CPU.ActiveCfg = Debug|Any CPU
		{2E888105-9CA1-4799-B564-41DD3C69A9DE}.Debug|Any CPU.Build.0 = Debug|Any CPU
		{2E888105-9CA1-4799-B564-41DD3C69A9DE}.Release|Any CPU.ActiveCfg = Release|Any CPU
		{2E888105-9CA1-4799-B564-41DD3C69A9DE}.Release|Any CPU.Build.0 = Release|Any CPU
	EndGlobalSection
	GlobalSection(SolutionProperties) = preSolution
		HideSolutionNode = FALSE
	EndGlobalSection
	GlobalSection(ExtensibilityGlobals) = postSolution
		SolutionGuid = {A1D7A3C9-5460-413C-BAFF-0FE768C2847D}
	EndGlobalSection
EndGlobal
