
Microsoft Visual Studio Solution File, Format Version 12.00
# Visual Studio Version 17
VisualStudioVersion = 17.2.32210.308
MinimumVisualStudioVersion = 10.0.40219.1
Project("{9A19103F-16F7-4668-BE54-9A1E7A4F7556}") = "FactoryMethod", "FactoryMethod\FactoryMethod.csproj", "{EBB2C6A3-4F90-495D-B41F-9970C17BEC4F}"
EndProject
Project("{FAE04EC0-301F-11D3-BF4B-00C04F79EFBC}") = "FactoryMethodWPF", "FactoryMethodWPF\FactoryMethodWPF.csproj", "{264379BA-7DDB-4527-A3F2-E6CAA16BB7B6}"
EndProject
Global
	GlobalSection(SolutionConfigurationPlatforms) = preSolution
		Debug|Any CPU = Debug|Any CPU
		Release|Any CPU = Release|Any CPU
	EndGlobalSection
	GlobalSection(ProjectConfigurationPlatforms) = postSolution
		{EBB2C6A3-4F90-495D-B41F-9970C17BEC4F}.Debug|Any CPU.ActiveCfg = Debug|Any CPU
		{EBB2C6A3-4F90-495D-B41F-9970C17BEC4F}.Debug|Any CPU.Build.0 = Debug|Any CPU
		{EBB2C6A3-4F90-495D-B41F-9970C17BEC4F}.Release|Any CPU.ActiveCfg = Release|Any CPU
		{EBB2C6A3-4F90-495D-B41F-9970C17BEC4F}.Release|Any CPU.Build.0 = Release|Any CPU
		{264379BA-7DDB-4527-A3F2-E6CAA16BB7B6}.Debug|Any CPU.ActiveCfg = Debug|Any CPU
		{264379BA-7DDB-4527-A3F2-E6CAA16BB7B6}.Debug|Any CPU.Build.0 = Debug|Any CPU
		{264379BA-7DDB-4527-A3F2-E6CAA16BB7B6}.Release|Any CPU.ActiveCfg = Release|Any CPU
		{264379BA-7DDB-4527-A3F2-E6CAA16BB7B6}.Release|Any CPU.Build.0 = Release|Any CPU
	EndGlobalSection
	GlobalSection(SolutionProperties) = preSolution
		HideSolutionNode = FALSE
	EndGlobalSection
	GlobalSection(ExtensibilityGlobals) = postSolution
		SolutionGuid = {8E253AE3-1D21-4238-9F24-3C449F156DEE}
	EndGlobalSection
EndGlobal
