
Microsoft Visual Studio Solution File, Format Version 12.00
# Visual Studio Version 17
VisualStudioVersion = 17.0.31912.275
MinimumVisualStudioVersion = 10.0.40219.1
Project("{9A19103F-16F7-4668-BE54-9A1E7A4F7556}") = "ConsoleApp1211", "ConsoleApp1211\ConsoleApp1211.csproj", "{8EF554A4-2860-4ABE-819F-76C115D8C91E}"
EndProject
Project("{9A19103F-16F7-4668-BE54-9A1E7A4F7556}") = "Getters", "Getters\Getters.csproj", "{FFDB22B5-6387-4E09-B173-263556ACA240}"
EndProject
Project("{9A19103F-16F7-4668-BE54-9A1E7A4F7556}") = "OperatorOverloading", "OperatorOverloading\OperatorOverloading.csproj", "{FC234E3F-C770-4B90-8CC5-2435BC703E95}"
EndProject
Project("{9A19103F-16F7-4668-BE54-9A1E7A4F7556}") = "Indexers", "Indexers\Indexers.csproj", "{37E086BA-8E8E-47DC-800E-B7AAC01279B8}"
EndProject
Project("{9A19103F-16F7-4668-BE54-9A1E7A4F7556}") = "Exception", "Exception\Exception.csproj", "{837CC881-3D0F-454E-9665-D5CDC36B5685}"
EndProject
Project("{FAE04EC0-301F-11D3-BF4B-00C04F79EFBC}") = "Tuples", "Tuples\Tuples.csproj", "{6A3FAF35-D521-4600-A9CE-D189C1671C92}"
EndProject
Project("{FAE04EC0-301F-11D3-BF4B-00C04F79EFBC}") = "Interfaces", "Interfaces\Interfaces.csproj", "{437F4EA7-5AF3-4FBF-AAC2-57F7639E8248}"
EndProject
Project("{FAE04EC0-301F-11D3-BF4B-00C04F79EFBC}") = "Structures", "Structures\Structures.csproj", "{5C72C6A5-91D0-4AAD-97AA-5CC589968546}"
EndProject
Project("{FAE04EC0-301F-11D3-BF4B-00C04F79EFBC}") = "Delegates", "Delegates\Delegates.csproj", "{FA963F1A-2ECF-4FF1-854B-372352825893}"
EndProject
Project("{FAE04EC0-301F-11D3-BF4B-00C04F79EFBC}") = "Extensions", "Extensions\Extensions.csproj", "{E33B8F0E-3970-4982-99FD-9F23F043BDEB}"
EndProject
Project("{FAE04EC0-301F-11D3-BF4B-00C04F79EFBC}") = "Records", "Records\Records.csproj", "{4CC2BF72-11C3-4E84-803D-891CE4207379}"
EndProject
Project("{FAE04EC0-301F-11D3-BF4B-00C04F79EFBC}") = "DefaultDels", "DefaultDels\DefaultDels.csproj", "{40DA4A56-EA76-446C-B07D-6FB5E43ED871}"
EndProject
Project("{FAE04EC0-301F-11D3-BF4B-00C04F79EFBC}") = "Files", "Files\Files.csproj", "{C9A8ACAD-3EB3-490D-A53F-B7C1AD16477F}"
EndProject
Project("{FAE04EC0-301F-11D3-BF4B-00C04F79EFBC}") = "Serializing", "Serializing\Serializing.csproj", "{E39DDD70-0DC7-4E6B-AC63-F1DF58A99D2B}"
EndProject
Project("{FAE04EC0-301F-11D3-BF4B-00C04F79EFBC}") = "WeatherApi", "WeatherApi\WeatherApi.csproj", "{703262F4-CEE4-49F5-B875-DFA609BACB56}"
EndProject
Project("{FAE04EC0-301F-11D3-BF4B-00C04F79EFBC}") = "XmlSerialization", "XmlSerialization\XmlSerialization.csproj", "{0AEFBBEA-7A71-4FE4-AFC2-6C7C8588042F}"
EndProject
Project("{FAE04EC0-301F-11D3-BF4B-00C04F79EFBC}") = "Iterators", "Iterators\Iterators.csproj", "{8C2C6151-5E0E-4A7E-9679-83A705DE6624}"
EndProject
Global
	GlobalSection(SolutionConfigurationPlatforms) = preSolution
		Debug|Any CPU = Debug|Any CPU
		Release|Any CPU = Release|Any CPU
	EndGlobalSection
	GlobalSection(ProjectConfigurationPlatforms) = postSolution
		{8EF554A4-2860-4ABE-819F-76C115D8C91E}.Debug|Any CPU.ActiveCfg = Debug|Any CPU
		{8EF554A4-2860-4ABE-819F-76C115D8C91E}.Debug|Any CPU.Build.0 = Debug|Any CPU
		{8EF554A4-2860-4ABE-819F-76C115D8C91E}.Release|Any CPU.ActiveCfg = Release|Any CPU
		{8EF554A4-2860-4ABE-819F-76C115D8C91E}.Release|Any CPU.Build.0 = Release|Any CPU
		{FFDB22B5-6387-4E09-B173-263556ACA240}.Debug|Any CPU.ActiveCfg = Debug|Any CPU
		{FFDB22B5-6387-4E09-B173-263556ACA240}.Debug|Any CPU.Build.0 = Debug|Any CPU
		{FFDB22B5-6387-4E09-B173-263556ACA240}.Release|Any CPU.ActiveCfg = Release|Any CPU
		{FFDB22B5-6387-4E09-B173-263556ACA240}.Release|Any CPU.Build.0 = Release|Any CPU
		{FC234E3F-C770-4B90-8CC5-2435BC703E95}.Debug|Any CPU.ActiveCfg = Debug|Any CPU
		{FC234E3F-C770-4B90-8CC5-2435BC703E95}.Debug|Any CPU.Build.0 = Debug|Any CPU
		{FC234E3F-C770-4B90-8CC5-2435BC703E95}.Release|Any CPU.ActiveCfg = Release|Any CPU
		{FC234E3F-C770-4B90-8CC5-2435BC703E95}.Release|Any CPU.Build.0 = Release|Any CPU
		{37E086BA-8E8E-47DC-800E-B7AAC01279B8}.Debug|Any CPU.ActiveCfg = Debug|Any CPU
		{37E086BA-8E8E-47DC-800E-B7AAC01279B8}.Debug|Any CPU.Build.0 = Debug|Any CPU
		{37E086BA-8E8E-47DC-800E-B7AAC01279B8}.Release|Any CPU.ActiveCfg = Release|Any CPU
		{37E086BA-8E8E-47DC-800E-B7AAC01279B8}.Release|Any CPU.Build.0 = Release|Any CPU
		{837CC881-3D0F-454E-9665-D5CDC36B5685}.Debug|Any CPU.ActiveCfg = Debug|Any CPU
		{837CC881-3D0F-454E-9665-D5CDC36B5685}.Debug|Any CPU.Build.0 = Debug|Any CPU
		{837CC881-3D0F-454E-9665-D5CDC36B5685}.Release|Any CPU.ActiveCfg = Release|Any CPU
		{837CC881-3D0F-454E-9665-D5CDC36B5685}.Release|Any CPU.Build.0 = Release|Any CPU
		{6A3FAF35-D521-4600-A9CE-D189C1671C92}.Debug|Any CPU.ActiveCfg = Debug|Any CPU
		{6A3FAF35-D521-4600-A9CE-D189C1671C92}.Debug|Any CPU.Build.0 = Debug|Any CPU
		{6A3FAF35-D521-4600-A9CE-D189C1671C92}.Release|Any CPU.ActiveCfg = Release|Any CPU
		{6A3FAF35-D521-4600-A9CE-D189C1671C92}.Release|Any CPU.Build.0 = Release|Any CPU
		{437F4EA7-5AF3-4FBF-AAC2-57F7639E8248}.Debug|Any CPU.ActiveCfg = Debug|Any CPU
		{437F4EA7-5AF3-4FBF-AAC2-57F7639E8248}.Debug|Any CPU.Build.0 = Debug|Any CPU
		{437F4EA7-5AF3-4FBF-AAC2-57F7639E8248}.Release|Any CPU.ActiveCfg = Release|Any CPU
		{437F4EA7-5AF3-4FBF-AAC2-57F7639E8248}.Release|Any CPU.Build.0 = Release|Any CPU
		{5C72C6A5-91D0-4AAD-97AA-5CC589968546}.Debug|Any CPU.ActiveCfg = Debug|Any CPU
		{5C72C6A5-91D0-4AAD-97AA-5CC589968546}.Debug|Any CPU.Build.0 = Debug|Any CPU
		{5C72C6A5-91D0-4AAD-97AA-5CC589968546}.Release|Any CPU.ActiveCfg = Release|Any CPU
		{5C72C6A5-91D0-4AAD-97AA-5CC589968546}.Release|Any CPU.Build.0 = Release|Any CPU
		{FA963F1A-2ECF-4FF1-854B-372352825893}.Debug|Any CPU.ActiveCfg = Debug|Any CPU
		{FA963F1A-2ECF-4FF1-854B-372352825893}.Debug|Any CPU.Build.0 = Debug|Any CPU
		{FA963F1A-2ECF-4FF1-854B-372352825893}.Release|Any CPU.ActiveCfg = Release|Any CPU
		{FA963F1A-2ECF-4FF1-854B-372352825893}.Release|Any CPU.Build.0 = Release|Any CPU
		{E33B8F0E-3970-4982-99FD-9F23F043BDEB}.Debug|Any CPU.ActiveCfg = Debug|Any CPU
		{E33B8F0E-3970-4982-99FD-9F23F043BDEB}.Debug|Any CPU.Build.0 = Debug|Any CPU
		{E33B8F0E-3970-4982-99FD-9F23F043BDEB}.Release|Any CPU.ActiveCfg = Release|Any CPU
		{E33B8F0E-3970-4982-99FD-9F23F043BDEB}.Release|Any CPU.Build.0 = Release|Any CPU
		{4CC2BF72-11C3-4E84-803D-891CE4207379}.Debug|Any CPU.ActiveCfg = Debug|Any CPU
		{4CC2BF72-11C3-4E84-803D-891CE4207379}.Debug|Any CPU.Build.0 = Debug|Any CPU
		{4CC2BF72-11C3-4E84-803D-891CE4207379}.Release|Any CPU.ActiveCfg = Release|Any CPU
		{4CC2BF72-11C3-4E84-803D-891CE4207379}.Release|Any CPU.Build.0 = Release|Any CPU
		{40DA4A56-EA76-446C-B07D-6FB5E43ED871}.Debug|Any CPU.ActiveCfg = Debug|Any CPU
		{40DA4A56-EA76-446C-B07D-6FB5E43ED871}.Debug|Any CPU.Build.0 = Debug|Any CPU
		{40DA4A56-EA76-446C-B07D-6FB5E43ED871}.Release|Any CPU.ActiveCfg = Release|Any CPU
		{40DA4A56-EA76-446C-B07D-6FB5E43ED871}.Release|Any CPU.Build.0 = Release|Any CPU
		{C9A8ACAD-3EB3-490D-A53F-B7C1AD16477F}.Debug|Any CPU.ActiveCfg = Debug|Any CPU
		{C9A8ACAD-3EB3-490D-A53F-B7C1AD16477F}.Debug|Any CPU.Build.0 = Debug|Any CPU
		{C9A8ACAD-3EB3-490D-A53F-B7C1AD16477F}.Release|Any CPU.ActiveCfg = Release|Any CPU
		{C9A8ACAD-3EB3-490D-A53F-B7C1AD16477F}.Release|Any CPU.Build.0 = Release|Any CPU
		{E39DDD70-0DC7-4E6B-AC63-F1DF58A99D2B}.Debug|Any CPU.ActiveCfg = Debug|Any CPU
		{E39DDD70-0DC7-4E6B-AC63-F1DF58A99D2B}.Debug|Any CPU.Build.0 = Debug|Any CPU
		{E39DDD70-0DC7-4E6B-AC63-F1DF58A99D2B}.Release|Any CPU.ActiveCfg = Release|Any CPU
		{E39DDD70-0DC7-4E6B-AC63-F1DF58A99D2B}.Release|Any CPU.Build.0 = Release|Any CPU
		{703262F4-CEE4-49F5-B875-DFA609BACB56}.Debug|Any CPU.ActiveCfg = Debug|Any CPU
		{703262F4-CEE4-49F5-B875-DFA609BACB56}.Debug|Any CPU.Build.0 = Debug|Any CPU
		{703262F4-CEE4-49F5-B875-DFA609BACB56}.Release|Any CPU.ActiveCfg = Release|Any CPU
		{703262F4-CEE4-49F5-B875-DFA609BACB56}.Release|Any CPU.Build.0 = Release|Any CPU
		{0AEFBBEA-7A71-4FE4-AFC2-6C7C8588042F}.Debug|Any CPU.ActiveCfg = Debug|Any CPU
		{0AEFBBEA-7A71-4FE4-AFC2-6C7C8588042F}.Debug|Any CPU.Build.0 = Debug|Any CPU
		{0AEFBBEA-7A71-4FE4-AFC2-6C7C8588042F}.Release|Any CPU.ActiveCfg = Release|Any CPU
		{0AEFBBEA-7A71-4FE4-AFC2-6C7C8588042F}.Release|Any CPU.Build.0 = Release|Any CPU
		{8C2C6151-5E0E-4A7E-9679-83A705DE6624}.Debug|Any CPU.ActiveCfg = Debug|Any CPU
		{8C2C6151-5E0E-4A7E-9679-83A705DE6624}.Debug|Any CPU.Build.0 = Debug|Any CPU
		{8C2C6151-5E0E-4A7E-9679-83A705DE6624}.Release|Any CPU.ActiveCfg = Release|Any CPU
		{8C2C6151-5E0E-4A7E-9679-83A705DE6624}.Release|Any CPU.Build.0 = Release|Any CPU
	EndGlobalSection
	GlobalSection(SolutionProperties) = preSolution
		HideSolutionNode = FALSE
	EndGlobalSection
	GlobalSection(ExtensibilityGlobals) = postSolution
		SolutionGuid = {62FD83EE-04C2-47FF-9083-0D3AFD269A58}
	EndGlobalSection
EndGlobal
