
Microsoft Visual Studio Solution File, Format Version 12.00
# Visual Studio Version 17
VisualStudioVersion = 17.1.32210.238
MinimumVisualStudioVersion = 10.0.40219.1
Project("{9A19103F-16F7-4668-BE54-9A1E7A4F7556}") = "WpfAppFirstPart", "WpfAppFirstPart\WpfAppFirstPart.csproj", "{26180094-AD48-49D9-ABB0-03481F54961A}"
EndProject
Global
	GlobalSection(SolutionConfigurationPlatforms) = preSolution
		Debug|Any CPU = Debug|Any CPU
		Release|Any CPU = Release|Any CPU
	EndGlobalSection
	GlobalSection(ProjectConfigurationPlatforms) = postSolution
		{26180094-AD48-49D9-ABB0-03481F54961A}.Debug|Any CPU.ActiveCfg = Debug|Any CPU
		{26180094-AD48-49D9-ABB0-03481F54961A}.Debug|Any CPU.Build.0 = Debug|Any CPU
		{26180094-AD48-49D9-ABB0-03481F54961A}.Release|Any CPU.ActiveCfg = Release|Any CPU
		{26180094-AD48-49D9-ABB0-03481F54961A}.Release|Any CPU.Build.0 = Release|Any CPU
	EndGlobalSection
	GlobalSection(SolutionProperties) = preSolution
		HideSolutionNode = FALSE
	EndGlobalSection
	GlobalSection(ExtensibilityGlobals) = postSolution
		SolutionGuid = {A3C5F7C3-D3C7-4959-8913-D443A411D1D6}
	EndGlobalSection
EndGlobal
