
Microsoft Visual Studio Solution File, Format Version 12.00
# Visual Studio Version 17
VisualStudioVersion = 17.1.32210.238
MinimumVisualStudioVersion = 10.0.40219.1
Project("{FAE04EC0-301F-11D3-BF4B-00C04F79EFBC}") = "WinFormsApp1", "WinFormsApp1\WinFormsApp1.csproj", "{698F5214-A496-44BB-9D65-A925DF3AE471}"
EndProject
Global
	GlobalSection(SolutionConfigurationPlatforms) = preSolution
		Debug|Any CPU = Debug|Any CPU
		Release|Any CPU = Release|Any CPU
	EndGlobalSection
	GlobalSection(ProjectConfigurationPlatforms) = postSolution
		{698F5214-A496-44BB-9D65-A925DF3AE471}.Debug|Any CPU.ActiveCfg = Debug|Any CPU
		{698F5214-A496-44BB-9D65-A925DF3AE471}.Debug|Any CPU.Build.0 = Debug|Any CPU
		{698F5214-A496-44BB-9D65-A925DF3AE471}.Release|Any CPU.ActiveCfg = Release|Any CPU
		{698F5214-A496-44BB-9D65-A925DF3AE471}.Release|Any CPU.Build.0 = Release|Any CPU
	EndGlobalSection
	GlobalSection(SolutionProperties) = preSolution
		HideSolutionNode = FALSE
	EndGlobalSection
	GlobalSection(ExtensibilityGlobals) = postSolution
		SolutionGuid = {2881E0A5-E565-46EB-963D-559E9C311323}
	EndGlobalSection
EndGlobal
