
Microsoft Visual Studio Solution File, Format Version 12.00
# Visual Studio Version 17
VisualStudioVersion = 17.2.32616.157
MinimumVisualStudioVersion = 10.0.40219.1
Project("{FAE04EC0-301F-11D3-BF4B-00C04F79EFBC}") = "Async3", "Async3\Async3.csproj", "{F704DDD5-C788-4815-BA88-B6935EF96979}"
EndProject
Global
	GlobalSection(SolutionConfigurationPlatforms) = preSolution
		Debug|Any CPU = Debug|Any CPU
		Release|Any CPU = Release|Any CPU
	EndGlobalSection
	GlobalSection(ProjectConfigurationPlatforms) = postSolution
		{F704DDD5-C788-4815-BA88-B6935EF96979}.Debug|Any CPU.ActiveCfg = Debug|Any CPU
		{F704DDD5-C788-4815-BA88-B6935EF96979}.Debug|Any CPU.Build.0 = Debug|Any CPU
		{F704DDD5-C788-4815-BA88-B6935EF96979}.Release|Any CPU.ActiveCfg = Release|Any CPU
		{F704DDD5-C788-4815-BA88-B6935EF96979}.Release|Any CPU.Build.0 = Release|Any CPU
	EndGlobalSection
	GlobalSection(SolutionProperties) = preSolution
		HideSolutionNode = FALSE
	EndGlobalSection
	GlobalSection(ExtensibilityGlobals) = postSolution
		SolutionGuid = {EBBF03E7-B1B6-4EE9-BAD5-B953C8AE3265}
	EndGlobalSection
EndGlobal
