
Microsoft Visual Studio Solution File, Format Version 12.00
Project("{FAE04EC0-301F-11D3-BF4B-00C04F79EFBC}") = "WpfLesson2", "WpfLesson2\WpfLesson2.csproj", "{DC72FE25-9E1E-46DD-BD93-9DD8DEE33885}"
EndProject
Global
	GlobalSection(SolutionConfigurationPlatforms) = preSolution
		Debug|Any CPU = Debug|Any CPU
		Release|Any CPU = Release|Any CPU
	EndGlobalSection
	GlobalSection(ProjectConfigurationPlatforms) = postSolution
		{DC72FE25-9E1E-46DD-BD93-9DD8DEE33885}.Debug|Any CPU.ActiveCfg = Debug|Any CPU
		{DC72FE25-9E1E-46DD-BD93-9DD8DEE33885}.Debug|Any CPU.Build.0 = Debug|Any CPU
		{DC72FE25-9E1E-46DD-BD93-9DD8DEE33885}.Release|Any CPU.ActiveCfg = Release|Any CPU
		{DC72FE25-9E1E-46DD-BD93-9DD8DEE33885}.Release|Any CPU.Build.0 = Release|Any CPU
	EndGlobalSection
EndGlobal
