
Microsoft Visual Studio Solution File, Format Version 12.00
# Visual Studio Version 17
VisualStudioVersion = 17.2.32210.308
MinimumVisualStudioVersion = 10.0.40219.1
Project("{FAE04EC0-301F-11D3-BF4B-00C04F79EFBC}") = "EntityLesson1", "EntityLesson1\EntityLesson1.csproj", "{81B91A2E-37F0-4487-A00D-C825652EAFE6}"
EndProject
Global
	GlobalSection(SolutionConfigurationPlatforms) = preSolution
		Debug|Any CPU = Debug|Any CPU
		Release|Any CPU = Release|Any CPU
	EndGlobalSection
	GlobalSection(ProjectConfigurationPlatforms) = postSolution
		{81B91A2E-37F0-4487-A00D-C825652EAFE6}.Debug|Any CPU.ActiveCfg = Debug|Any CPU
		{81B91A2E-37F0-4487-A00D-C825652EAFE6}.Debug|Any CPU.Build.0 = Debug|Any CPU
		{81B91A2E-37F0-4487-A00D-C825652EAFE6}.Release|Any CPU.ActiveCfg = Release|Any CPU
		{81B91A2E-37F0-4487-A00D-C825652EAFE6}.Release|Any CPU.Build.0 = Release|Any CPU
	EndGlobalSection
	GlobalSection(SolutionProperties) = preSolution
		HideSolutionNode = FALSE
	EndGlobalSection
	GlobalSection(ExtensibilityGlobals) = postSolution
		SolutionGuid = {765CBA4F-0EEC-437A-9846-B0412EF79151}
	EndGlobalSection
EndGlobal
