
Microsoft Visual Studio Solution File, Format Version 12.00
# Visual Studio Version 17
VisualStudioVersion = 17.2.32616.157
MinimumVisualStudioVersion = 10.0.40219.1
Project("{FAE04EC0-301F-11D3-BF4B-00C04F79EFBC}") = "TCP_Client", "TCP_Client\TCP_Client.csproj", "{00D68B6C-47AC-48D5-87D0-AAFE19F37D7A}"
EndProject
Project("{FAE04EC0-301F-11D3-BF4B-00C04F79EFBC}") = "TCP_Listener", "TCP_Listener\TCP_Listener.csproj", "{305EAF7A-29C7-4F80-A75F-0BB049B02905}"
EndProject
Global
	GlobalSection(SolutionConfigurationPlatforms) = preSolution
		Debug|Any CPU = Debug|Any CPU
		Release|Any CPU = Release|Any CPU
	EndGlobalSection
	GlobalSection(ProjectConfigurationPlatforms) = postSolution
		{00D68B6C-47AC-48D5-87D0-AAFE19F37D7A}.Debug|Any CPU.ActiveCfg = Debug|Any CPU
		{00D68B6C-47AC-48D5-87D0-AAFE19F37D7A}.Debug|Any CPU.Build.0 = Debug|Any CPU
		{00D68B6C-47AC-48D5-87D0-AAFE19F37D7A}.Release|Any CPU.ActiveCfg = Release|Any CPU
		{00D68B6C-47AC-48D5-87D0-AAFE19F37D7A}.Release|Any CPU.Build.0 = Release|Any CPU
		{305EAF7A-29C7-4F80-A75F-0BB049B02905}.Debug|Any CPU.ActiveCfg = Debug|Any CPU
		{305EAF7A-29C7-4F80-A75F-0BB049B02905}.Debug|Any CPU.Build.0 = Debug|Any CPU
		{305EAF7A-29C7-4F80-A75F-0BB049B02905}.Release|Any CPU.ActiveCfg = Release|Any CPU
		{305EAF7A-29C7-4F80-A75F-0BB049B02905}.Release|Any CPU.Build.0 = Release|Any CPU
	EndGlobalSection
	GlobalSection(SolutionProperties) = preSolution
		HideSolutionNode = FALSE
	EndGlobalSection
	GlobalSection(ExtensibilityGlobals) = postSolution
		SolutionGuid = {E4447017-F3C9-443C-8708-EA02B5A0A680}
	EndGlobalSection
EndGlobal
