
Microsoft Visual Studio Solution File, Format Version 12.00
# Visual Studio Version 17
VisualStudioVersion = 17.1.32319.34
MinimumVisualStudioVersion = 10.0.40219.1
Project("{FAE04EC0-301F-11D3-BF4B-00C04F79EFBC}") = "Tasks", "Tasks\Tasks.csproj", "{1D9EF491-9005-4F3F-B6A5-99D70AEA49A8}"
EndProject
Global
	GlobalSection(SolutionConfigurationPlatforms) = preSolution
		Debug|Any CPU = Debug|Any CPU
		Release|Any CPU = Release|Any CPU
	EndGlobalSection
	GlobalSection(ProjectConfigurationPlatforms) = postSolution
		{1D9EF491-9005-4F3F-B6A5-99D70AEA49A8}.Debug|Any CPU.ActiveCfg = Debug|Any CPU
		{1D9EF491-9005-4F3F-B6A5-99D70AEA49A8}.Debug|Any CPU.Build.0 = Debug|Any CPU
		{1D9EF491-9005-4F3F-B6A5-99D70AEA49A8}.Release|Any CPU.ActiveCfg = Release|Any CPU
		{1D9EF491-9005-4F3F-B6A5-99D70AEA49A8}.Release|Any CPU.Build.0 = Release|Any CPU
	EndGlobalSection
	GlobalSection(SolutionProperties) = preSolution
		HideSolutionNode = FALSE
	EndGlobalSection
	GlobalSection(ExtensibilityGlobals) = postSolution
		SolutionGuid = {D6CA9383-22C1-4108-BBA7-D27D3680EB55}
	EndGlobalSection
EndGlobal
